// !$*UTF8*$!
{
	archiveVersion = 1;
	classes = {
	};
	objectVersion = 56;
	objects = {

/* Begin PBXBuildFile section */
		1F2A1FDB2A31372A00E46E90 /* WebRTC_iOS_SwiftUIApp.swift in Sources */ = {isa = PBXBuildFile; fileRef = 1F2A1FDA2A31372A00E46E90 /* WebRTC_iOS_SwiftUIApp.swift */; };
		1F2A1FDD2A31372A00E46E90 /* ContentView.swift in Sources */ = {isa = PBXBuildFile; fileRef = 1F2A1FDC2A31372A00E46E90 /* ContentView.swift */; };
		1F2A1FDF2A31372B00E46E90 /* Assets.xcassets in Resources */ = {isa = PBXBuildFile; fileRef = 1F2A1FDE2A31372B00E46E90 /* Assets.xcassets */; };
		1F2A1FE22A31372B00E46E90 /* Preview Assets.xcassets in Resources */ = {isa = PBXBuildFile; fileRef = 1F2A1FE12A31372B00E46E90 /* Preview Assets.xcassets */; };
		1F2A1FED2A3174C300E46E90 /* Config.swift in Sources */ = {isa = PBXBuildFile; fileRef = 1F2A1FEC2A3174C300E46E90 /* Config.swift */; };
		1F2A1FF22A31780300E46E90 /* SignalingClient.swift in Sources */ = {isa = PBXBuildFile; fileRef = 1F2A1FEF2A31780300E46E90 /* SignalingClient.swift */; };
		1F2A1FF32A31780300E46E90 /* Message.swift in Sources */ = {isa = PBXBuildFile; fileRef = 1F2A1FF02A31780300E46E90 /* Message.swift */; };
		1F2A1FFA2A31783100E46E90 /* WebSocketProvider.swift in Sources */ = {isa = PBXBuildFile; fileRef = 1F2A1FF72A31783100E46E90 /* WebSocketProvider.swift */; };
		1F2A1FFB2A31783100E46E90 /* NativeWebSocket.swift in Sources */ = {isa = PBXBuildFile; fileRef = 1F2A1FF82A31783100E46E90 /* NativeWebSocket.swift */; };
		1F2A20002A31785C00E46E90 /* RTCStates.swift in Sources */ = {isa = PBXBuildFile; fileRef = 1F2A1FFD2A31785B00E46E90 /* RTCStates.swift */; };
		1F2A20012A31785C00E46E90 /* IceCandidate.swift in Sources */ = {isa = PBXBuildFile; fileRef = 1F2A1FFE2A31785C00E46E90 /* IceCandidate.swift */; };
		1F2A20022A31785C00E46E90 /* SessionDescription.swift in Sources */ = {isa = PBXBuildFile; fileRef = 1F2A1FFF2A31785C00E46E90 /* SessionDescription.swift */; };
		1F2A20042A323E2500E46E90 /* WebRTCClient.swift in Sources */ = {isa = PBXBuildFile; fileRef = 1F2A20032A323E2500E46E90 /* WebRTCClient.swift */; };
		1FFE87962A43573B00988E5D /* WebRTCService.swift in Sources */ = {isa = PBXBuildFile; fileRef = 1FFE87952A43573B00988E5D /* WebRTCService.swift */; };
		73CDE1D62DF3075895BD03CE /* libPods-WebRTC-iOS-SwiftUI.a in Frameworks */ = {isa = PBXBuildFile; fileRef = F1A88CC62920FE1B2D475EC8 /* libPods-WebRTC-iOS-SwiftUI.a */; };
/* End PBXBuildFile section */

/* Begin PBXFileReference section */
		1F2A1FD72A31372A00E46E90 /* WebRTC-iOS-SwiftUI.app */ = {isa = PBXFileReference; explicitFileType = wrapper.application; includeInIndex = 0; path = "WebRTC-iOS-SwiftUI.app"; sourceTree = BUILT_PRODUCTS_DIR; };
		1F2A1FDA2A31372A00E46E90 /* WebRTC_iOS_SwiftUIApp.swift */ = {isa = PBXFileReference; lastKnownFileType = sourcecode.swift; path = WebRTC_iOS_SwiftUIApp.swift; sourceTree = "<group>"; };
		1F2A1FDC2A31372A00E46E90 /* ContentView.swift */ = {isa = PBXFileReference; lastKnownFileType = sourcecode.swift; path = ContentView.swift; sourceTree = "<group>"; };
		1F2A1FDE2A31372B00E46E90 /* Assets.xcassets */ = {isa = PBXFileReference; lastKnownFileType = folder.assetcatalog; path = Assets.xcassets; sourceTree = "<group>"; };
		1F2A1FE12A31372B00E46E90 /* Preview Assets.xcassets */ = {isa = PBXFileReference; lastKnownFileType = folder.assetcatalog; path = "Preview Assets.xcassets"; sourceTree = "<group>"; };
		1F2A1FEC2A3174C300E46E90 /* Config.swift */ = {isa = PBXFileReference; fileEncoding = 4; lastKnownFileType = sourcecode.swift; path = Config.swift; sourceTree = "<group>"; };
		1F2A1FEF2A31780300E46E90 /* SignalingClient.swift */ = {isa = PBXFileReference; fileEncoding = 4; lastKnownFileType = sourcecode.swift; path = SignalingClient.swift; sourceTree = "<group>"; };
		1F2A1FF02A31780300E46E90 /* Message.swift */ = {isa = PBXFileReference; fileEncoding = 4; lastKnownFileType = sourcecode.swift; path = Message.swift; sourceTree = "<group>"; };
		1F2A1FF72A31783100E46E90 /* WebSocketProvider.swift */ = {isa = PBXFileReference; fileEncoding = 4; lastKnownFileType = sourcecode.swift; path = WebSocketProvider.swift; sourceTree = "<group>"; };
		1F2A1FF82A31783100E46E90 /* NativeWebSocket.swift */ = {isa = PBXFileReference; fileEncoding = 4; lastKnownFileType = sourcecode.swift; path = NativeWebSocket.swift; sourceTree = "<group>"; };
		1F2A1FFD2A31785B00E46E90 /* RTCStates.swift */ = {isa = PBXFileReference; fileEncoding = 4; lastKnownFileType = sourcecode.swift; path = RTCStates.swift; sourceTree = "<group>"; };
		1F2A1FFE2A31785C00E46E90 /* IceCandidate.swift */ = {isa = PBXFileReference; fileEncoding = 4; lastKnownFileType = sourcecode.swift; path = IceCandidate.swift; sourceTree = "<group>"; };
		1F2A1FFF2A31785C00E46E90 /* SessionDescription.swift */ = {isa = PBXFileReference; fileEncoding = 4; lastKnownFileType = sourcecode.swift; path = SessionDescription.swift; sourceTree = "<group>"; };
		1F2A20032A323E2500E46E90 /* WebRTCClient.swift */ = {isa = PBXFileReference; lastKnownFileType = sourcecode.swift; path = WebRTCClient.swift; sourceTree = "<group>"; };
		1FFE87952A43573B00988E5D /* WebRTCService.swift */ = {isa = PBXFileReference; lastKnownFileType = sourcecode.swift; path = WebRTCService.swift; sourceTree = "<group>"; };
		820D45CEC087483C27C4F620 /* Pods-WebRTC-iOS-SwiftUI.debug.xcconfig */ = {isa = PBXFileReference; includeInIndex = 1; lastKnownFileType = text.xcconfig; name = "Pods-WebRTC-iOS-SwiftUI.debug.xcconfig"; path = "Target Support Files/Pods-WebRTC-iOS-SwiftUI/Pods-WebRTC-iOS-SwiftUI.debug.xcconfig"; sourceTree = "<group>"; };
		BA961FD2FC98230E49A9C9F5 /* Pods-WebRTC-iOS-SwiftUI.release.xcconfig */ = {isa = PBXFileReference; includeInIndex = 1; lastKnownFileType = text.xcconfig; name = "Pods-WebRTC-iOS-SwiftUI.release.xcconfig"; path = "Target Support Files/Pods-WebRTC-iOS-SwiftUI/Pods-WebRTC-iOS-SwiftUI.release.xcconfig"; sourceTree = "<group>"; };
		F1A88CC62920FE1B2D475EC8 /* libPods-WebRTC-iOS-SwiftUI.a */ = {isa = PBXFileReference; explicitFileType = archive.ar; includeInIndex = 0; path = "libPods-WebRTC-iOS-SwiftUI.a"; sourceTree = BUILT_PRODUCTS_DIR; };
/* End PBXFileReference section */

/* Begin PBXFrameworksBuildPhase section */
		1F2A1FD42A31372A00E46E90 /* Frameworks */ = {
			isa = PBXFrameworksBuildPhase;
			buildActionMask = 2147483647;
			files = (
				73CDE1D62DF3075895BD03CE /* libPods-WebRTC-iOS-SwiftUI.a in Frameworks */,
			);
			runOnlyForDeploymentPostprocessing = 0;
		};
/* End PBXFrameworksBuildPhase section */

/* Begin PBXGroup section */
		014B8132D923A29D64D4D9F4 /* Frameworks */ = {
			isa = PBXGroup;
			children = (
				F1A88CC62920FE1B2D475EC8 /* libPods-WebRTC-iOS-SwiftUI.a */,
			);
			name = Frameworks;
			sourceTree = "<group>";
		};
		1140AB0F9BCB1C9BB3A23574 /* Pods */ = {
			isa = PBXGroup;
			children = (
				820D45CEC087483C27C4F620 /* Pods-WebRTC-iOS-SwiftUI.debug.xcconfig */,
				BA961FD2FC98230E49A9C9F5 /* Pods-WebRTC-iOS-SwiftUI.release.xcconfig */,
			);
			path = Pods;
			sourceTree = "<group>";
		};
		1F2A1FCE2A31372A00E46E90 = {
			isa = PBXGroup;
			children = (
				1F2A1FD92A31372A00E46E90 /* WebRTC-iOS-SwiftUI */,
				1F2A1FD82A31372A00E46E90 /* Products */,
				1140AB0F9BCB1C9BB3A23574 /* Pods */,
				014B8132D923A29D64D4D9F4 /* Frameworks */,
			);
			sourceTree = "<group>";
		};
		1F2A1FD82A31372A00E46E90 /* Products */ = {
			isa = PBXGroup;
			children = (
				1F2A1FD72A31372A00E46E90 /* WebRTC-iOS-SwiftUI.app */,
			);
			name = Products;
			sourceTree = "<group>";
		};
		1F2A1FD92A31372A00E46E90 /* WebRTC-iOS-SwiftUI */ = {
			isa = PBXGroup;
			children = (
				1F2A1FFC2A31784B00E46E90 /* Extensions */,
				1F2A1FEE2A3177EC00E46E90 /* Services */,
				1F2A1FDA2A31372A00E46E90 /* WebRTC_iOS_SwiftUIApp.swift */,
				1FFE87952A43573B00988E5D /* WebRTCService.swift */,
				1F2A1FDC2A31372A00E46E90 /* ContentView.swift */,
				1F2A1FEC2A3174C300E46E90 /* Config.swift */,
				1F2A1FDE2A31372B00E46E90 /* Assets.xcassets */,
				1F2A1FE02A31372B00E46E90 /* Preview Content */,
			);
			path = "WebRTC-iOS-SwiftUI";
			sourceTree = "<group>";
		};
		1F2A1FE02A31372B00E46E90 /* Preview Content */ = {
			isa = PBXGroup;
			children = (
				1F2A1FE12A31372B00E46E90 /* Preview Assets.xcassets */,
			);
			path = "Preview Content";
			sourceTree = "<group>";
		};
		1F2A1FEE2A3177EC00E46E90 /* Services */ = {
			isa = PBXGroup;
			children = (
				1F2A1FF02A31780300E46E90 /* Message.swift */,
				1F2A1FEF2A31780300E46E90 /* SignalingClient.swift */,
				1F2A1FF52A31781800E46E90 /* WebSocketProvider */,
				1F2A20032A323E2500E46E90 /* WebRTCClient.swift */,
			);
			path = Services;
			sourceTree = "<group>";
		};
		1F2A1FF52A31781800E46E90 /* WebSocketProvider */ = {
			isa = PBXGroup;
			children = (
				1F2A1FF82A31783100E46E90 /* NativeWebSocket.swift */,
				1F2A1FF72A31783100E46E90 /* WebSocketProvider.swift */,
			);
			path = WebSocketProvider;
			sourceTree = "<group>";
		};
		1F2A1FFC2A31784B00E46E90 /* Extensions */ = {
			isa = PBXGroup;
			children = (
				1F2A1FFE2A31785C00E46E90 /* IceCandidate.swift */,
				1F2A1FFD2A31785B00E46E90 /* RTCStates.swift */,
				1F2A1FFF2A31785C00E46E90 /* SessionDescription.swift */,
			);
			path = Extensions;
			sourceTree = "<group>";
		};
/* End PBXGroup section */

/* Begin PBXNativeTarget section */
		1F2A1FD62A31372A00E46E90 /* WebRTC-iOS-SwiftUI */ = {
			isa = PBXNativeTarget;
			buildConfigurationList = 1F2A1FE52A31372B00E46E90 /* Build configuration list for PBXNativeTarget "WebRTC-iOS-SwiftUI" */;
			buildPhases = (
				ABDBAFEBE5DC23396AC9A490 /* [CP] Check Pods Manifest.lock */,
				1F2A1FD32A31372A00E46E90 /* Sources */,
				1F2A1FD42A31372A00E46E90 /* Frameworks */,
				1F2A1FD52A31372A00E46E90 /* Resources */,
				63B6C3BB234DCF252C827102 /* [CP] Embed Pods Frameworks */,
			);
			buildRules = (
			);
			dependencies = (
			);
			name = "WebRTC-iOS-SwiftUI";
			productName = "WebRTC-iOS-SwiftUI";
			productReference = 1F2A1FD72A31372A00E46E90 /* WebRTC-iOS-SwiftUI.app */;
			productType = "com.apple.product-type.application";
		};
/* End PBXNativeTarget section */

/* Begin PBXProject section */
		1F2A1FCF2A31372A00E46E90 /* Project object */ = {
			isa = PBXProject;
			attributes = {
				BuildIndependentTargetsInParallel = 1;
				LastSwiftUpdateCheck = 1430;
				LastUpgradeCheck = 1430;
				TargetAttributes = {
					1F2A1FD62A31372A00E46E90 = {
						CreatedOnToolsVersion = 14.3.1;
					};
				};
			};
			buildConfigurationList = 1F2A1FD22A31372A00E46E90 /* Build configuration list for PBXProject "WebRTC-iOS-SwiftUI" */;
			compatibilityVersion = "Xcode 14.0";
			developmentRegion = en;
			hasScannedForEncodings = 0;
			knownRegions = (
				en,
				Base,
			);
			mainGroup = 1F2A1FCE2A31372A00E46E90;
			productRefGroup = 1F2A1FD82A31372A00E46E90 /* Products */;
			projectDirPath = "";
			projectRoot = "";
			targets = (
				1F2A1FD62A31372A00E46E90 /* WebRTC-iOS-SwiftUI */,
			);
		};
/* End PBXProject section */

/* Begin PBXResourcesBuildPhase section */
		1F2A1FD52A31372A00E46E90 /* Resources */ = {
			isa = PBXResourcesBuildPhase;
			buildActionMask = 2147483647;
			files = (
				1F2A1FE22A31372B00E46E90 /* Preview Assets.xcassets in Resources */,
				1F2A1FDF2A31372B00E46E90 /* Assets.xcassets in Resources */,
			);
			runOnlyForDeploymentPostprocessing = 0;
		};
/* End PBXResourcesBuildPhase section */

/* Begin PBXShellScriptBuildPhase section */
		63B6C3BB234DCF252C827102 /* [CP] Embed Pods Frameworks */ = {
			isa = PBXShellScriptBuildPhase;
			buildActionMask = 2147483647;
			files = (
			);
			inputFileListPaths = (
				"${PODS_ROOT}/Target Support Files/Pods-WebRTC-iOS-SwiftUI/Pods-WebRTC-iOS-SwiftUI-frameworks-${CONFIGURATION}-input-files.xcfilelist",
			);
			name = "[CP] Embed Pods Frameworks";
			outputFileListPaths = (
				"${PODS_ROOT}/Target Support Files/Pods-WebRTC-iOS-SwiftUI/Pods-WebRTC-iOS-SwiftUI-frameworks-${CONFIGURATION}-output-files.xcfilelist",
			);
			runOnlyForDeploymentPostprocessing = 0;
			shellPath = /bin/sh;
			shellScript = "\"${PODS_ROOT}/Target Support Files/Pods-WebRTC-iOS-SwiftUI/Pods-WebRTC-iOS-SwiftUI-frameworks.sh\"\n";
			showEnvVarsInLog = 0;
		};
		ABDBAFEBE5DC23396AC9A490 /* [CP] Check Pods Manifest.lock */ = {
			isa = PBXShellScriptBuildPhase;
			buildActionMask = 2147483647;
			files = (
			);
			inputFileListPaths = (
			);
			inputPaths = (
				"${PODS_PODFILE_DIR_PATH}/Podfile.lock",
				"${PODS_ROOT}/Manifest.lock",
			);
			name = "[CP] Check Pods Manifest.lock";
			outputFileListPaths = (
			);
			outputPaths = (
				"$(DERIVED_FILE_DIR)/Pods-WebRTC-iOS-SwiftUI-checkManifestLockResult.txt",
			);
			runOnlyForDeploymentPostprocessing = 0;
			shellPath = /bin/sh;
			shellScript = "diff \"${PODS_PODFILE_DIR_PATH}/Podfile.lock\" \"${PODS_ROOT}/Manifest.lock\" > /dev/null\nif [ $? != 0 ] ; then\n    # print error to STDERR\n    echo \"error: The sandbox is not in sync with the Podfile.lock. Run 'pod install' or update your CocoaPods installation.\" >&2\n    exit 1\nfi\n# This output is used by Xcode 'outputs' to avoid re-running this script phase.\necho \"SUCCESS\" > \"${SCRIPT_OUTPUT_FILE_0}\"\n";
			showEnvVarsInLog = 0;
		};
/* End PBXShellScriptBuildPhase section */

/* Begin PBXSourcesBuildPhase section */
		1F2A1FD32A31372A00E46E90 /* Sources */ = {
			isa = PBXSourcesBuildPhase;
			buildActionMask = 2147483647;
			files = (
				1F2A1FDD2A31372A00E46E90 /* ContentView.swift in Sources */,
				1F2A1FDB2A31372A00E46E90 /* WebRTC_iOS_SwiftUIApp.swift in Sources */,
				1F2A1FF32A31780300E46E90 /* Message.swift in Sources */,
				1F2A1FED2A3174C300E46E90 /* Config.swift in Sources */,
				1F2A1FFA2A31783100E46E90 /* WebSocketProvider.swift in Sources */,
				1F2A1FF22A31780300E46E90 /* SignalingClient.swift in Sources */,
				1F2A1FFB2A31783100E46E90 /* NativeWebSocket.swift in Sources */,
				1F2A20022A31785C00E46E90 /* SessionDescription.swift in Sources */,
				1F2A20002A31785C00E46E90 /* RTCStates.swift in Sources */,
				1F2A20012A31785C00E46E90 /* IceCandidate.swift in Sources */,
				1FFE87962A43573B00988E5D /* WebRTCService.swift in Sources */,
				1F2A20042A323E2500E46E90 /* WebRTCClient.swift in Sources */,
			);
			runOnlyForDeploymentPostprocessing = 0;
		};
/* End PBXSourcesBuildPhase section */

/* Begin XCBuildConfiguration section */
		1F2A1FE32A31372B00E46E90 /* Debug */ = {
			isa = XCBuildConfiguration;
			buildSettings = {
				ALWAYS_SEARCH_USER_PATHS = NO;
				CLANG_ANALYZER_NONNULL = YES;
				CLANG_ANALYZER_NUMBER_OBJECT_CONVERSION = YES_AGGRESSIVE;
				CLANG_CXX_LANGUAGE_STANDARD = "gnu++20";
				CLANG_ENABLE_MODULES = YES;
				CLANG_ENABLE_OBJC_ARC = YES;
				CLANG_ENABLE_OBJC_WEAK = YES;
				CLANG_WARN_BLOCK_CAPTURE_AUTORELEASING = YES;
				CLANG_WARN_BOOL_CONVERSION = YES;
				CLANG_WARN_COMMA = YES;
				CLANG_WARN_CONSTANT_CONVERSION = YES;
				CLANG_WARN_DEPRECATED_OBJC_IMPLEMENTATIONS = YES;
				CLANG_WARN_DIRECT_OBJC_ISA_USAGE = YES_ERROR;
				CLANG_WARN_DOCUMENTATION_COMMENTS = YES;
				CLANG_WARN_EMPTY_BODY = YES;
				CLANG_WARN_ENUM_CONVERSION = YES;
				CLANG_WARN_INFINITE_RECURSION = YES;
				CLANG_WARN_INT_CONVERSION = YES;
				CLANG_WARN_NON_LITERAL_NULL_CONVERSION = YES;
				CLANG_WARN_OBJC_IMPLICIT_RETAIN_SELF = YES;
				CLANG_WARN_OBJC_LITERAL_CONVERSION = YES;
				CLANG_WARN_OBJC_ROOT_CLASS = YES_ERROR;
				CLANG_WARN_QUOTED_INCLUDE_IN_FRAMEWORK_HEADER = YES;
				CLANG_WARN_RANGE_LOOP_ANALYSIS = YES;
				CLANG_WARN_STRICT_PROTOTYPES = YES;
				CLANG_WARN_SUSPICIOUS_MOVE = YES;
				CLANG_WARN_UNGUARDED_AVAILABILITY = YES_AGGRESSIVE;
				CLANG_WARN_UNREACHABLE_CODE = YES;
				CLANG_WARN__DUPLICATE_METHOD_MATCH = YES;
				COPY_PHASE_STRIP = NO;
				DEBUG_INFORMATION_FORMAT = dwarf;
				ENABLE_STRICT_OBJC_MSGSEND = YES;
				ENABLE_TESTABILITY = YES;
				GCC_C_LANGUAGE_STANDARD = gnu11;
				GCC_DYNAMIC_NO_PIC = NO;
				GCC_NO_COMMON_BLOCKS = YES;
				GCC_OPTIMIZATION_LEVEL = 0;
				GCC_PREPROCESSOR_DEFINITIONS = (
					"DEBUG=1",
					"$(inherited)",
				);
				GCC_WARN_64_TO_32_BIT_CONVERSION = YES;
				GCC_WARN_ABOUT_RETURN_TYPE = YES_ERROR;
				GCC_WARN_UNDECLARED_SELECTOR = YES;
				GCC_WARN_UNINITIALIZED_AUTOS = YES_AGGRESSIVE;
				GCC_WARN_UNUSED_FUNCTION = YES;
				GCC_WARN_UNUSED_VARIABLE = YES;
				IPHONEOS_DEPLOYMENT_TARGET = 16.4;
				MTL_ENABLE_DEBUG_INFO = INCLUDE_SOURCE;
				MTL_FAST_MATH = YES;
				ONLY_ACTIVE_ARCH = YES;
				SDKROOT = iphoneos;
				SWIFT_ACTIVE_COMPILATION_CONDITIONS = DEBUG;
				SWIFT_OPTIMIZATION_LEVEL = "-Onone";
			};
			name = Debug;
		};
		1F2A1FE42A31372B00E46E90 /* Release */ = {
			isa = XCBuildConfiguration;
			buildSettings = {
				ALWAYS_SEARCH_USER_PATHS = NO;
				CLANG_ANALYZER_NONNULL = YES;
				CLANG_ANALYZER_NUMBER_OBJECT_CONVERSION = YES_AGGRESSIVE;
				CLANG_CXX_LANGUAGE_STANDARD = "gnu++20";
				CLANG_ENABLE_MODULES = YES;
				CLANG_ENABLE_OBJC_ARC = YES;
				CLANG_ENABLE_OBJC_WEAK = YES;
				CLANG_WARN_BLOCK_CAPTURE_AUTORELEASING = YES;
				CLANG_WARN_BOOL_CONVERSION = YES;
				CLANG_WARN_COMMA = YES;
				CLANG_WARN_CONSTANT_CONVERSION = YES;
				CLANG_WARN_DEPRECATED_OBJC_IMPLEMENTATIONS = YES;
				CLANG_WARN_DIRECT_OBJC_ISA_USAGE = YES_ERROR;
				CLANG_WARN_DOCUMENTATION_COMMENTS = YES;
				CLANG_WARN_EMPTY_BODY = YES;
				CLANG_WARN_ENUM_CONVERSION = YES;
				CLANG_WARN_INFINITE_RECURSION = YES;
				CLANG_WARN_INT_CONVERSION = YES;
				CLANG_WARN_NON_LITERAL_NULL_CONVERSION = YES;
				CLANG_WARN_OBJC_IMPLICIT_RETAIN_SELF = YES;
				CLANG_WARN_OBJC_LITERAL_CONVERSION = YES;
				CLANG_WARN_OBJC_ROOT_CLASS = YES_ERROR;
				CLANG_WARN_QUOTED_INCLUDE_IN_FRAMEWORK_HEADER = YES;
				CLANG_WARN_RANGE_LOOP_ANALYSIS = YES;
				CLANG_WARN_STRICT_PROTOTYPES = YES;
				CLANG_WARN_SUSPICIOUS_MOVE = YES;
				CLANG_WARN_UNGUARDED_AVAILABILITY = YES_AGGRESSIVE;
				CLANG_WARN_UNREACHABLE_CODE = YES;
				CLANG_WARN__DUPLICATE_METHOD_MATCH = YES;
				COPY_PHASE_STRIP = NO;
				DEBUG_INFORMATION_FORMAT = "dwarf-with-dsym";
				ENABLE_NS_ASSERTIONS = NO;
				ENABLE_STRICT_OBJC_MSGSEND = YES;
				GCC_C_LANGUAGE_STANDARD = gnu11;
				GCC_NO_COMMON_BLOCKS = YES;
				GCC_WARN_64_TO_32_BIT_CONVERSION = YES;
				GCC_WARN_ABOUT_RETURN_TYPE = YES_ERROR;
				GCC_WARN_UNDECLARED_SELECTOR = YES;
				GCC_WARN_UNINITIALIZED_AUTOS = YES_AGGRESSIVE;
				GCC_WARN_UNUSED_FUNCTION = YES;
				GCC_WARN_UNUSED_VARIABLE = YES;
				IPHONEOS_DEPLOYMENT_TARGET = 16.4;
				MTL_ENABLE_DEBUG_INFO = NO;
				MTL_FAST_MATH = YES;
				SDKROOT = iphoneos;
				SWIFT_COMPILATION_MODE = wholemodule;
				SWIFT_OPTIMIZATION_LEVEL = "-O";
				VALIDATE_PRODUCT = YES;
			};
			name = Release;
		};
		1F2A1FE62A31372B00E46E90 /* Debug */ = {
			isa = XCBuildConfiguration;
			baseConfigurationReference = 820D45CEC087483C27C4F620 /* Pods-WebRTC-iOS-SwiftUI.debug.xcconfig */;
			buildSettings = {
				ASSETCATALOG_COMPILER_APPICON_NAME = AppIcon;
				ASSETCATALOG_COMPILER_GLOBAL_ACCENT_COLOR_NAME = AccentColor;
				CODE_SIGN_STYLE = Automatic;
				CURRENT_PROJECT_VERSION = 1;
				DEVELOPMENT_ASSET_PATHS = "\"WebRTC-iOS-SwiftUI/Preview Content\"";
				DEVELOPMENT_TEAM = J95V8435K7;
				ENABLE_PREVIEWS = YES;
				GENERATE_INFOPLIST_FILE = YES;
				INFOPLIST_KEY_NSMicrophoneUsageDescription = "To communicate, dummy!";
				INFOPLIST_KEY_UIApplicationSceneManifest_Generation = YES;
				INFOPLIST_KEY_UIApplicationSupportsIndirectInputEvents = YES;
				INFOPLIST_KEY_UILaunchScreen_Generation = YES;
				INFOPLIST_KEY_UISupportedInterfaceOrientations_iPad = "UIInterfaceOrientationPortrait UIInterfaceOrientationPortraitUpsideDown UIInterfaceOrientationLandscapeLeft UIInterfaceOrientationLandscapeRight";
				INFOPLIST_KEY_UISupportedInterfaceOrientations_iPhone = "UIInterfaceOrientationPortrait UIInterfaceOrientationLandscapeLeft UIInterfaceOrientationLandscapeRight";
				IPHONEOS_DEPLOYMENT_TARGET = 16.0;
				LD_RUNPATH_SEARCH_PATHS = (
					"$(inherited)",
					"@executable_path/Frameworks",
				);
				MARKETING_VERSION = 1.0;
				PRODUCT_BUNDLE_IDENTIFIER = "com.thejeffmagill.WebRTC-iOS-SwiftUI";
				PRODUCT_NAME = "$(TARGET_NAME)";
				SWIFT_EMIT_LOC_STRINGS = YES;
				SWIFT_VERSION = 5.0;
				TARGETED_DEVICE_FAMILY = "1,2";
			};
			name = Debug;
		};
		1F2A1FE72A31372B00E46E90 /* Release */ = {
			isa = XCBuildConfiguration;
			baseConfigurationReference = BA961FD2FC98230E49A9C9F5 /* Pods-WebRTC-iOS-SwiftUI.release.xcconfig */;
			buildSettings = {
				ASSETCATALOG_COMPILER_APPICON_NAME = AppIcon;
				ASSETCATALOG_COMPILER_GLOBAL_ACCENT_COLOR_NAME = AccentColor;
				CODE_SIGN_STYLE = Automatic;
				CURRENT_PROJECT_VERSION = 1;
				DEVELOPMENT_ASSET_PATHS = "\"WebRTC-iOS-SwiftUI/Preview Content\"";
				DEVELOPMENT_TEAM = J95V8435K7;
				ENABLE_PREVIEWS = YES;
				GENERATE_INFOPLIST_FILE = YES;
				INFOPLIST_KEY_NSMicrophoneUsageDescription = "To communicate, dummy!";
				INFOPLIST_KEY_UIApplicationSceneManifest_Generation = YES;
				INFOPLIST_KEY_UIApplicationSupportsIndirectInputEvents = YES;
				INFOPLIST_KEY_UILaunchScreen_Generation = YES;
				INFOPLIST_KEY_UISupportedInterfaceOrientations_iPad = "UIInterfaceOrientationPortrait UIInterfaceOrientationPortraitUpsideDown UIInterfaceOrientationLandscapeLeft UIInterfaceOrientationLandscapeRight";
				INFOPLIST_KEY_UISupportedInterfaceOrientations_iPhone = "UIInterfaceOrientationPortrait UIInterfaceOrientationLandscapeLeft UIInterfaceOrientationLandscapeRight";
				IPHONEOS_DEPLOYMENT_TARGET = 16.0;
				LD_RUNPATH_SEARCH_PATHS = (
					"$(inherited)",
					"@executable_path/Frameworks",
				);
				MARKETING_VERSION = 1.0;
				PRODUCT_BUNDLE_IDENTIFIER = "com.thejeffmagill.WebRTC-iOS-SwiftUI";
				PRODUCT_NAME = "$(TARGET_NAME)";
				SWIFT_EMIT_LOC_STRINGS = YES;
				SWIFT_VERSION = 5.0;
				TARGETED_DEVICE_FAMILY = "1,2";
			};
			name = Release;
		};
/* End XCBuildConfiguration section */

/* Begin XCConfigurationList section */
		1F2A1FD22A31372A00E46E90 /* Build configuration list for PBXProject "WebRTC-iOS-SwiftUI" */ = {
			isa = XCConfigurationList;
			buildConfigurations = (
				1F2A1FE32A31372B00E46E90 /* Debug */,
				1F2A1FE42A31372B00E46E90 /* Release */,
			);
			defaultConfigurationIsVisible = 0;
			defaultConfigurationName = Release;
		};
		1F2A1FE52A31372B00E46E90 /* Build configuration list for PBXNativeTarget "WebRTC-iOS-SwiftUI" */ = {
			isa = XCConfigurationList;
			buildConfigurations = (
				1F2A1FE62A31372B00E46E90 /* Debug */,
				1F2A1FE72A31372B00E46E90 /* Release */,
			);
			defaultConfigurationIsVisible = 0;
			defaultConfigurationName = Release;
		};
/* End XCConfigurationList section */
	};
	rootObject = 1F2A1FCF2A31372A00E46E90 /* Project object */;
}
